
Microsoft Visual Studio Solution File, Format Version 12.00
# Visual Studio Version 16
VisualStudioVersion = 16.0.30621.155
MinimumVisualStudioVersion = 15.0.26124.0
Project("{9A19103F-16F7-4668-BE54-9A1E7A4F7556}") = "BlazorSignalRApp.Client", "Client\BlazorSignalRApp.Client.csproj", "{553D4939-5E6A-4014-B791-87A6532BD4DF}"
EndProject
Project("{9A19103F-16F7-4668-BE54-9A1E7A4F7556}") = "BlazorSignalRApp.Server", "Server\BlazorSignalRApp.Server.csproj", "{C2F005DF-5F21-4CFF-9DD6-7061A6A2C562}"
EndProject
Project("{9A19103F-16F7-4668-BE54-9A1E7A4F7556}") = "BlazorSignalRApp.Shared", "Shared\BlazorSignalRApp.Shared.csproj", "{B0DDE775-D8E8-44D6-8D44-BD741374C920}"
EndProject
Global
	GlobalSection(SolutionConfigurationPlatforms) = preSolution
		Debug|Any CPU = Debug|Any CPU
		Debug|x64 = Debug|x64
		Debug|x86 = Debug|x86
		Release|Any CPU = Release|Any CPU
		Release|x64 = Release|x64
		Release|x86 = Release|x86
	EndGlobalSection
	GlobalSection(ProjectConfigurationPlatforms) = postSolution
		{553D4939-5E6A-4014-B791-87A6532BD4DF}.Debug|Any CPU.ActiveCfg = Debug|Any CPU
		{553D4939-5E6A-4014-B791-87A6532BD4DF}.Debug|Any CPU.Build.0 = Debug|Any CPU
		{553D4939-5E6A-4014-B791-87A6532BD4DF}.Debug|x64.ActiveCfg = Debug|Any CPU
		{553D4939-5E6A-4014-B791-87A6532BD4DF}.Debug|x64.Build.0 = Debug|Any CPU
		{553D4939-5E6A-4014-B791-87A6532BD4DF}.Debug|x86.ActiveCfg = Debug|Any CPU
		{553D4939-5E6A-4014-B791-87A6532BD4DF}.Debug|x86.Build.0 = Debug|Any CPU
		{553D4939-5E6A-4014-B791-87A6532BD4DF}.Release|Any CPU.ActiveCfg = Release|Any CPU
		{553D4939-5E6A-4014-B791-87A6532BD4DF}.Release|Any CPU.Build.0 = Release|Any CPU
		{553D4939-5E6A-4014-B791-87A6532BD4DF}.Release|x64.ActiveCfg = Release|Any CPU
		{553D4939-5E6A-4014-B791-87A6532BD4DF}.Release|x64.Build.0 = Release|Any CPU
		{553D4939-5E6A-4014-B791-87A6532BD4DF}.Release|x86.ActiveCfg = Release|Any CPU
		{553D4939-5E6A-4014-B791-87A6532BD4DF}.Release|x86.Build.0 = Release|Any CPU
		{C2F005DF-5F21-4CFF-9DD6-7061A6A2C562}.Debug|Any CPU.ActiveCfg = Debug|Any CPU
		{C2F005DF-5F21-4CFF-9DD6-7061A6A2C562}.Debug|Any CPU.Build.0 = Debug|Any CPU
		{C2F005DF-5F21-4CFF-9DD6-7061A6A2C562}.Debug|x64.ActiveCfg = Debug|Any CPU
		{C2F005DF-5F21-4CFF-9DD6-7061A6A2C562}.Debug|x64.Build.0 = Debug|Any CPU
		{C2F005DF-5F21-4CFF-9DD6-7061A6A2C562}.Debug|x86.ActiveCfg = Debug|Any CPU
		{C2F005DF-5F21-4CFF-9DD6-7061A6A2C562}.Debug|x86.Build.0 = Debug|Any CPU
		{C2F005DF-5F21-4CFF-9DD6-7061A6A2C562}.Release|Any CPU.ActiveCfg = Release|Any CPU
		{C2F005DF-5F21-4CFF-9DD6-7061A6A2C562}.Release|Any CPU.Build.0 = Release|Any CPU
		{C2F005DF-5F21-4CFF-9DD6-7061A6A2C562}.Release|x64.ActiveCfg = Release|Any CPU
		{C2F005DF-5F21-4CFF-9DD6-7061A6A2C562}.Release|x64.Build.0 = Release|Any CPU
		{C2F005DF-5F21-4CFF-9DD6-7061A6A2C562}.Release|x86.ActiveCfg = Release|Any CPU
		{C2F005DF-5F21-4CFF-9DD6-7061A6A2C562}.Release|x86.Build.0 = Release|Any CPU
		{B0DDE775-D8E8-44D6-8D44-BD741374C920}.Debug|Any CPU.ActiveCfg = Debug|Any CPU
		{B0DDE775-D8E8-44D6-8D44-BD741374C920}.Debug|Any CPU.Build.0 = Debug|Any CPU
		{B0DDE775-D8E8-44D6-8D44-BD741374C920}.Debug|x64.ActiveCfg = Debug|Any CPU
		{B0DDE775-D8E8-44D6-8D44-BD741374C920}.Debug|x64.Build.0 = Debug|Any CPU
		{B0DDE775-D8E8-44D6-8D44-BD741374C920}.Debug|x86.ActiveCfg = Debug|Any CPU
		{B0DDE775-D8E8-44D6-8D44-BD741374C920}.Debug|x86.Build.0 = Debug|Any CPU
		{B0DDE775-D8E8-44D6-8D44-BD741374C920}.Release|Any CPU.ActiveCfg = Release|Any CPU
		{B0DDE775-D8E8-44D6-8D44-BD741374C920}.Release|Any CPU.Build.0 = Release|Any CPU
		{B0DDE775-D8E8-44D6-8D44-BD741374C920}.Release|x64.ActiveCfg = Release|Any CPU
		{B0DDE775-D8E8-44D6-8D44-BD741374C920}.Release|x64.Build.0 = Release|Any CPU
		{B0DDE775-D8E8-44D6-8D44-BD741374C920}.Release|x86.ActiveCfg = Release|Any CPU
		{B0DDE775-D8E8-44D6-8D44-BD741374C920}.Release|x86.Build.0 = Release|Any CPU
	EndGlobalSection
	GlobalSection(SolutionProperties) = preSolution
		HideSolutionNode = FALSE
	EndGlobalSection
	GlobalSection(ExtensibilityGlobals) = postSolution
		SolutionGuid = {DB36960D-A6D1-4246-9131-C5AD99FF267C}
	EndGlobalSection
EndGlobal
